# THIS IS AN AUTOGENERATED FILE. DO NOT EDIT THIS FILE DIRECTLY.
# yarn lockfile v1


"@esbuild/android-arm@0.15.18":
  version "0.15.18"
  resolved "https://registry.yarnpkg.com/@esbuild/android-arm/-/android-arm-0.15.18.tgz#266d40b8fdcf87962df8af05b76219bc786b4f80"
  integrity sha512-5GT+kcs2WVGjVs7+boataCkO5Fg0y4kCjzkB5bAip7H4jfnOS3dA6KPiww9W1OEKTKeAcUVhdZGvgI65OXmUnw==

"@esbuild/linux-loong64@0.15.18":
  version "0.15.18"
  resolved "https://registry.yarnpkg.com/@esbuild/linux-loong64/-/linux-loong64-0.15.18.tgz#128b76ecb9be48b60cf5cfc1c63a4f00691a3239"
  integrity sha512-L4jVKS82XVhw2nvzLg/19ClLWg0y27ulRwuP7lcyL6AbUWB5aPglXY3M21mauDQMDfRLs8cQmeT03r/+X3cZYQ==

"@sveltejs/vite-plugin-svelte@^1.0.1":
  version "1.4.0"
  resolved "https://registry.npmjs.org/@sveltejs/vite-plugin-svelte/-/vite-plugin-svelte-1.4.0.tgz"
  integrity sha512-6QupI/jemMfK+yI2pMtJcu5iO2gtgTfcBdGwMZZt+lgbFELhszbDl6Qjh000HgAV8+XUA+8EY8DusOFk8WhOIg==
  dependencies:
    debug "^4.3.4"
    deepmerge "^4.2.2"
    kleur "^4.1.5"
    magic-string "^0.26.7"
    svelte-hmr "^0.15.1"
    vitefu "^0.2.2"

debug@^4.3.4:
  version "4.4.3"
  resolved "https://registry.npmjs.org/debug/-/debug-4.4.3.tgz"
  integrity sha512-RGwwWnwQvkVfavKVt22FGLw+xYSdzARwm0ru6DhTVA3umU5hZc28V3kO4stgYryrTlLpuvgI9GiijltAjNbcqA==
  dependencies:
    ms "^2.1.3"

deepmerge@^4.2.2:
  version "4.3.1"
  resolved "https://registry.npmjs.org/deepmerge/-/deepmerge-4.3.1.tgz"
  integrity sha512-3sUqbMEc77XqpdNO7FRyRog+eW3ph+GYCbj+rK+uYyRMuwsVy0rMiVtPn+QJlKFvWP/1PYpapqYn0Me2knFn+A==

esbuild-android-64@0.15.18:
  version "0.15.18"
  resolved "https://registry.yarnpkg.com/esbuild-android-64/-/esbuild-android-64-0.15.18.tgz#20a7ae1416c8eaade917fb2453c1259302c637a5"
  integrity sha512-wnpt3OXRhcjfIDSZu9bnzT4/TNTDsOUvip0foZOUBG7QbSt//w3QV4FInVJxNhKc/ErhUxc5z4QjHtMi7/TbgA==

esbuild-android-arm64@0.15.18:
  version "0.15.18"
  resolved "https://registry.yarnpkg.com/esbuild-android-arm64/-/esbuild-android-arm64-0.15.18.tgz#9cc0ec60581d6ad267568f29cf4895ffdd9f2f04"
  integrity sha512-G4xu89B8FCzav9XU8EjsXacCKSG2FT7wW9J6hOc18soEHJdtWu03L3TQDGf0geNxfLTtxENKBzMSq9LlbjS8OQ==

esbuild-darwin-64@0.15.18:
  version "0.15.18"
  resolved "https://registry.yarnpkg.com/esbuild-darwin-64/-/esbuild-darwin-64-0.15.18.tgz#428e1730ea819d500808f220fbc5207aea6d4410"
  integrity sha512-2WAvs95uPnVJPuYKP0Eqx+Dl/jaYseZEUUT1sjg97TJa4oBtbAKnPnl3b5M9l51/nbx7+QAEtuummJZW0sBEmg==

esbuild-darwin-arm64@0.15.18:
  version "0.15.18"
  resolved "https://registry.yarnpkg.com/esbuild-darwin-arm64/-/esbuild-darwin-arm64-0.15.18.tgz#b6dfc7799115a2917f35970bfbc93ae50256b337"
  integrity sha512-tKPSxcTJ5OmNb1btVikATJ8NftlyNlc8BVNtyT/UAr62JFOhwHlnoPrhYWz09akBLHI9nElFVfWSTSRsrZiDUA==

esbuild-freebsd-64@0.15.18:
  version "0.15.18"
  resolved "https://registry.yarnpkg.com/esbuild-freebsd-64/-/esbuild-freebsd-64-0.15.18.tgz#4e190d9c2d1e67164619ae30a438be87d5eedaf2"
  integrity sha512-TT3uBUxkteAjR1QbsmvSsjpKjOX6UkCstr8nMr+q7zi3NuZ1oIpa8U41Y8I8dJH2fJgdC3Dj3CXO5biLQpfdZA==

esbuild-freebsd-arm64@0.15.18:
  version "0.15.18"
  resolved "https://registry.yarnpkg.com/esbuild-freebsd-arm64/-/esbuild-freebsd-arm64-0.15.18.tgz#18a4c0344ee23bd5a6d06d18c76e2fd6d3f91635"
  integrity sha512-R/oVr+X3Tkh+S0+tL41wRMbdWtpWB8hEAMsOXDumSSa6qJR89U0S/PpLXrGF7Wk/JykfpWNokERUpCeHDl47wA==

esbuild-linux-32@0.15.18:
  version "0.15.18"
  resolved "https://registry.yarnpkg.com/esbuild-linux-32/-/esbuild-linux-32-0.15.18.tgz#9a329731ee079b12262b793fb84eea762e82e0ce"
  integrity sha512-lphF3HiCSYtaa9p1DtXndiQEeQDKPl9eN/XNoBf2amEghugNuqXNZA/ZovthNE2aa4EN43WroO0B85xVSjYkbg==

esbuild-linux-64@0.15.18:
  version "0.15.18"
  resolved "https://registry.npmjs.org/esbuild-linux-64/-/esbuild-linux-64-0.15.18.tgz"
  integrity sha512-hNSeP97IviD7oxLKFuii5sDPJ+QHeiFTFLoLm7NZQligur8poNOWGIgpQ7Qf8Balb69hptMZzyOBIPtY09GZYw==

esbuild-linux-arm64@0.15.18:
  version "0.15.18"
  resolved "https://registry.yarnpkg.com/esbuild-linux-arm64/-/esbuild-linux-arm64-0.15.18.tgz#5372e7993ac2da8f06b2ba313710d722b7a86e5d"
  integrity sha512-54qr8kg/6ilcxd+0V3h9rjT4qmjc0CccMVWrjOEM/pEcUzt8X62HfBSeZfT2ECpM7104mk4yfQXkosY8Quptug==

esbuild-linux-arm@0.15.18:
  version "0.15.18"
  resolved "https://registry.yarnpkg.com/esbuild-linux-arm/-/esbuild-linux-arm-0.15.18.tgz#e734aaf259a2e3d109d4886c9e81ec0f2fd9a9cc"
  integrity sha512-UH779gstRblS4aoS2qpMl3wjg7U0j+ygu3GjIeTonCcN79ZvpPee12Qun3vcdxX+37O5LFxz39XeW2I9bybMVA==

esbuild-linux-mips64le@0.15.18:
  version "0.15.18"
  resolved "https://registry.yarnpkg.com/esbuild-linux-mips64le/-/esbuild-linux-mips64le-0.15.18.tgz#c0487c14a9371a84eb08fab0e1d7b045a77105eb"
  integrity sha512-Mk6Ppwzzz3YbMl/ZZL2P0q1tnYqh/trYZ1VfNP47C31yT0K8t9s7Z077QrDA/guU60tGNp2GOwCQnp+DYv7bxQ==

esbuild-linux-ppc64le@0.15.18:
  version "0.15.18"
  resolved "https://registry.yarnpkg.com/esbuild-linux-ppc64le/-/esbuild-linux-ppc64le-0.15.18.tgz#af048ad94eed0ce32f6d5a873f7abe9115012507"
  integrity sha512-b0XkN4pL9WUulPTa/VKHx2wLCgvIAbgwABGnKMY19WhKZPT+8BxhZdqz6EgkqCLld7X5qiCY2F/bfpUUlnFZ9w==

esbuild-linux-riscv64@0.15.18:
  version "0.15.18"
  resolved "https://registry.yarnpkg.com/esbuild-linux-riscv64/-/esbuild-linux-riscv64-0.15.18.tgz#423ed4e5927bd77f842bd566972178f424d455e6"
  integrity sha512-ba2COaoF5wL6VLZWn04k+ACZjZ6NYniMSQStodFKH/Pu6RxzQqzsmjR1t9QC89VYJxBeyVPTaHuBMCejl3O/xg==

esbuild-linux-s390x@0.15.18:
  version "0.15.18"
  resolved "https://registry.yarnpkg.com/esbuild-linux-s390x/-/esbuild-linux-s390x-0.15.18.tgz#21d21eaa962a183bfb76312e5a01cc5ae48ce8eb"
  integrity sha512-VbpGuXEl5FCs1wDVp93O8UIzl3ZrglgnSQ+Hu79g7hZu6te6/YHgVJxCM2SqfIila0J3k0csfnf8VD2W7u2kzQ==

esbuild-netbsd-64@0.15.18:
  version "0.15.18"
  resolved "https://registry.yarnpkg.com/esbuild-netbsd-64/-/esbuild-netbsd-64-0.15.18.tgz#ae75682f60d08560b1fe9482bfe0173e5110b998"
  integrity sha512-98ukeCdvdX7wr1vUYQzKo4kQ0N2p27H7I11maINv73fVEXt2kyh4K4m9f35U1K43Xc2QGXlzAw0K9yoU7JUjOg==

esbuild-openbsd-64@0.15.18:
  version "0.15.18"
  resolved "https://registry.yarnpkg.com/esbuild-openbsd-64/-/esbuild-openbsd-64-0.15.18.tgz#79591a90aa3b03e4863f93beec0d2bab2853d0a8"
  integrity sha512-yK5NCcH31Uae076AyQAXeJzt/vxIo9+omZRKj1pauhk3ITuADzuOx5N2fdHrAKPxN+zH3w96uFKlY7yIn490xQ==

esbuild-sunos-64@0.15.18:
  version "0.15.18"
  resolved "https://registry.yarnpkg.com/esbuild-sunos-64/-/esbuild-sunos-64-0.15.18.tgz#fd528aa5da5374b7e1e93d36ef9b07c3dfed2971"
  integrity sha512-On22LLFlBeLNj/YF3FT+cXcyKPEI263nflYlAhz5crxtp3yRG1Ugfr7ITyxmCmjm4vbN/dGrb/B7w7U8yJR9yw==

esbuild-windows-32@0.15.18:
  version "0.15.18"
  resolved "https://registry.yarnpkg.com/esbuild-windows-32/-/esbuild-windows-32-0.15.18.tgz#0e92b66ecdf5435a76813c4bc5ccda0696f4efc3"
  integrity sha512-o+eyLu2MjVny/nt+E0uPnBxYuJHBvho8vWsC2lV61A7wwTWC3jkN2w36jtA+yv1UgYkHRihPuQsL23hsCYGcOQ==

esbuild-windows-64@0.15.18:
  version "0.15.18"
  resolved "https://registry.yarnpkg.com/esbuild-windows-64/-/esbuild-windows-64-0.15.18.tgz#0fc761d785414284fc408e7914226d33f82420d0"
  integrity sha512-qinug1iTTaIIrCorAUjR0fcBk24fjzEedFYhhispP8Oc7SFvs+XeW3YpAKiKp8dRpizl4YYAhxMjlftAMJiaUw==

esbuild-windows-arm64@0.15.18:
  version "0.15.18"
  resolved "https://registry.yarnpkg.com/esbuild-windows-arm64/-/esbuild-windows-arm64-0.15.18.tgz#5b5bdc56d341d0922ee94965c89ee120a6a86eb7"
  integrity sha512-q9bsYzegpZcLziq0zgUi5KqGVtfhjxGbnksaBFYmWLxeV/S1fK4OLdq2DFYnXcLMjlZw2L0jLsk1eGoB522WXQ==

esbuild@^0.15.9:
  version "0.15.18"
  resolved "https://registry.npmjs.org/esbuild/-/esbuild-0.15.18.tgz"
  integrity sha512-x/R72SmW3sSFRm5zrrIjAhCeQSAWoni3CmHEqfQrZIQTM3lVCdehdwuIqaOtfC2slvpdlLa62GYoN8SxT23m6Q==
  optionalDependencies:
    "@esbuild/android-arm" "0.15.18"
    "@esbuild/linux-loong64" "0.15.18"
    esbuild-android-64 "0.15.18"
    esbuild-android-arm64 "0.15.18"
    esbuild-darwin-64 "0.15.18"
    esbuild-darwin-arm64 "0.15.18"
    esbuild-freebsd-64 "0.15.18"
    esbuild-freebsd-arm64 "0.15.18"
    esbuild-linux-32 "0.15.18"
    esbuild-linux-64 "0.15.18"
    esbuild-linux-arm "0.15.18"
    esbuild-linux-arm64 "0.15.18"
    esbuild-linux-mips64le "0.15.18"
    esbuild-linux-ppc64le "0.15.18"
    esbuild-linux-riscv64 "0.15.18"
    esbuild-linux-s390x "0.15.18"
    esbuild-netbsd-64 "0.15.18"
    esbuild-openbsd-64 "0.15.18"
    esbuild-sunos-64 "0.15.18"
    esbuild-windows-32 "0.15.18"
    esbuild-windows-64 "0.15.18"
    esbuild-windows-arm64 "0.15.18"

fsevents@~2.3.2:
  version "2.3.3"
  resolved "https://registry.yarnpkg.com/fsevents/-/fsevents-2.3.3.tgz#cac6407785d03675a2a5e1a5305c697b347d90d6"
  integrity sha512-5xoDfX+fL7faATnagmWPpbFtwh/R77WmMMqqHGS65C3vvB0YHrgF+B1YmZ3441tMj5n63k0212XNoJwzlhffQw==

function-bind@^1.1.2:
  version "1.1.2"
  resolved "https://registry.npmjs.org/function-bind/-/function-bind-1.1.2.tgz"
  integrity sha512-7XHNxH7qX9xG5mIwxkhumTox/MIRNcOgDrxWsMt2pAr23WHp6MrRlN7FBSFpCpr+oVO0F744iUgR82nJMfG2SA==

hasown@^2.0.2:
  version "2.0.2"
  resolved "https://registry.npmjs.org/hasown/-/hasown-2.0.2.tgz"
  integrity sha512-0hJU9SCPvmMzIBdZFqNPXWa6dqh7WdH0cII9y+CyS8rG3nL48Bclra9HmKhVVUHyPWNH5Y7xDwAB7bfgSjkUMQ==
  dependencies:
    function-bind "^1.1.2"

is-core-module@^2.16.1:
  version "2.16.1"
  resolved "https://registry.npmjs.org/is-core-module/-/is-core-module-2.16.1.tgz"
  integrity sha512-UfoeMA6fIJ8wTYFEUjelnaGI67v6+N7qXJEvQuIGa99l4xsCruSYOVSQ0uPANn4dAzm8lkYPaKLrrijLq7x23w==
  dependencies:
    hasown "^2.0.2"

kleur@^4.1.5:
  version "4.1.5"
  resolved "https://registry.npmjs.org/kleur/-/kleur-4.1.5.tgz"
  integrity sha512-o+NO+8WrRiQEE4/7nwRJhN1HWpVmJm511pBHUxPLtp0BUISzlBplORYSmTclCnJvQq2tKu/sgl3xVpkc7ZWuQQ==

magic-string@^0.26.7:
  version "0.26.7"
  resolved "https://registry.npmjs.org/magic-string/-/magic-string-0.26.7.tgz"
  integrity sha512-hX9XH3ziStPoPhJxLq1syWuZMxbDvGNbVchfrdCtanC7D13888bMFow61x8axrx+GfHLtVeAx2kxL7tTGRl+Ow==
  dependencies:
    sourcemap-codec "^1.4.8"

ms@^2.1.3:
  version "2.1.3"
  resolved "https://registry.npmjs.org/ms/-/ms-2.1.3.tgz"
  integrity sha512-6FlzubTLZG3J2a/NVCAleEhjzq5oxgHyaCU9yYXvcLsvoVaHJq/s5xXI6/XXP6tz7R9xAOtHnSO/tXtF3WRTlA==

nanoid@^3.3.11:
  version "3.3.11"
  resolved "https://registry.npmjs.org/nanoid/-/nanoid-3.3.11.tgz"
  integrity sha512-N8SpfPUnUp1bK+PMYW8qSWdl9U+wwNWI4QKxOYDy9JAro3WMX7p2OeVRF9v+347pnakNevPmiHhNmZ2HbFA76w==

path-parse@^1.0.7:
  version "1.0.7"
  resolved "https://registry.npmjs.org/path-parse/-/path-parse-1.0.7.tgz"
  integrity sha512-LDJzPVEEEPR+y48z93A0Ed0yXb8pAByGWo/k5YYdYgpY2/2EsOsksJrq7lOHxryrVOn1ejG6oAp8ahvOIQD8sw==

picocolors@^1.1.1:
  version "1.1.1"
  resolved "https://registry.npmjs.org/picocolors/-/picocolors-1.1.1.tgz"
  integrity sha512-xceH2snhtb5M9liqDsmEw56le376mTZkEX/jEb/RxNFyegNul7eNslCXP9FDj/Lcu0X8KEyMceP2ntpaHrDEVA==

postcss@^8.4.18:
  version "8.5.6"
  resolved "https://registry.npmjs.org/postcss/-/postcss-8.5.6.tgz"
  integrity sha512-3Ybi1tAuwAP9s0r1UQ2J4n5Y0G05bJkpUIO0/bI9MhwmD70S5aTWbXGBwxHrelT+XM1k6dM0pk+SwNkpTRN7Pg==
  dependencies:
    nanoid "^3.3.11"
    picocolors "^1.1.1"
    source-map-js "^1.2.1"

prettier-plugin-svelte@^3.4.1:
  version "3.4.1"
  resolved "https://registry.yarnpkg.com/prettier-plugin-svelte/-/prettier-plugin-svelte-3.4.1.tgz#6e3f51e97d3346202ffb937210905bb1599fd662"
  integrity sha512-xL49LCloMoZRvSwa6IEdN2GV6cq2IqpYGstYtMT+5wmml1/dClEoI0MZR78MiVPpu6BdQFfN0/y73yO6+br5Pg==

prettier@^3.7.4:
  version "3.7.4"
  resolved "https://registry.yarnpkg.com/prettier/-/prettier-3.7.4.tgz#d2f8335d4b1cec47e1c8098645411b0c9dff9c0f"
  integrity sha512-v6UNi1+3hSlVvv8fSaoUbggEM5VErKmmpGA7Pl3HF8V6uKY7rvClBOJlH6yNwQtfTueNkGVpOv/mtWL9L4bgRA==

resolve@^1.22.1:
  version "1.22.11"
  resolved "https://registry.npmjs.org/resolve/-/resolve-1.22.11.tgz"
  integrity sha512-RfqAvLnMl313r7c9oclB1HhUEAezcpLjz95wFH4LVuhk9JF/r22qmVP9AMmOU4vMX7Q8pN8jwNg/CSpdFnMjTQ==
  dependencies:
    is-core-module "^2.16.1"
    path-parse "^1.0.7"
    supports-preserve-symlinks-flag "^1.0.0"

rollup@^2.79.1:
  version "2.79.2"
  resolved "https://registry.npmjs.org/rollup/-/rollup-2.79.2.tgz"
  integrity sha512-fS6iqSPZDs3dr/y7Od6y5nha8dW1YnbgtsyotCVvoFGKbERG++CVRFv1meyGDE1SNItQA8BrnCw7ScdAhRJ3XQ==
  optionalDependencies:
    fsevents "~2.3.2"

source-map-js@^1.2.1:
  version "1.2.1"
  resolved "https://registry.npmjs.org/source-map-js/-/source-map-js-1.2.1.tgz"
  integrity sha512-UXWMKhLOwVKb728IUtQPXxfYU+usdybtUrK/8uGE8CQMvrhOpwvzDBwj0QhSL7MQc7vIsISBG8VQ8+IDQxpfQA==

sourcemap-codec@^1.4.8:
  version "1.4.8"
  resolved "https://registry.npmjs.org/sourcemap-codec/-/sourcemap-codec-1.4.8.tgz"
  integrity sha512-9NykojV5Uih4lgo5So5dtw+f0JgJX30KCNI8gwhz2J9A15wD0Ml6tjHKwf6fTSa6fAdVBdZeNOs9eJ71qCk8vA==

supports-preserve-symlinks-flag@^1.0.0:
  version "1.0.0"
  resolved "https://registry.npmjs.org/supports-preserve-symlinks-flag/-/supports-preserve-symlinks-flag-1.0.0.tgz"
  integrity sha512-ot0WnXS9fgdkgIcePe6RHNk1WA8+muPa6cSjeR3V8K27q9BB1rTE3R1p7Hv0z1ZyAc8s6Vvv8DIyWf681MAt0w==

svelte-hmr@^0.15.1:
  version "0.15.3"
  resolved "https://registry.npmjs.org/svelte-hmr/-/svelte-hmr-0.15.3.tgz"
  integrity sha512-41snaPswvSf8TJUhlkoJBekRrABDXDMdpNpT2tfHIv4JuhgvHqLMhEPGtaQn0BmbNSTkuz2Ed20DF2eHw0SmBQ==

svelte@^3.49.0:
  version "3.59.2"
  resolved "https://registry.npmjs.org/svelte/-/svelte-3.59.2.tgz"
  integrity sha512-vzSyuGr3eEoAtT/A6bmajosJZIUWySzY2CzB3w2pgPvnkUjGqlDnsNnA0PMO+mMAhuyMul6C2uuZzY6ELSkzyA==

vite@^3.0.7:
  version "3.2.11"
  resolved "https://registry.npmjs.org/vite/-/vite-3.2.11.tgz"
  integrity sha512-K/jGKL/PgbIgKCiJo5QbASQhFiV02X9Jh+Qq0AKCRCRKZtOTVi4t6wh75FDpGf2N9rYOnzH87OEFQNaFy6pdxQ==
  dependencies:
    esbuild "^0.15.9"
    postcss "^8.4.18"
    resolve "^1.22.1"
    rollup "^2.79.1"
  optionalDependencies:
    fsevents "~2.3.2"

vitefu@^0.2.2:
  version "0.2.5"
  resolved "https://registry.npmjs.org/vitefu/-/vitefu-0.2.5.tgz"
  integrity sha512-SgHtMLoqaeeGnd2evZ849ZbACbnwQCIwRH57t18FxcXoZop0uQu0uzlIhJBlF/eWVzuce0sHeqPcDo+evVcg8Q==
